
Microsoft Visual Studio Solution File, Format Version 12.00
# Visual Studio Version 16
VisualStudioVersion = 16.0.29324.140
MinimumVisualStudioVersion = 10.0.40219.1
Project("{9A19103F-16F7-4668-BE54-9A1E7A4F7556}") = "AWSLambdaJParse", "AWSLambdaJParse\AWSLambdaJParse.csproj", "{96E7F478-022C-45ED-BCF5-876E28BF5108}"
EndProject
Project("{9A19103F-16F7-4668-BE54-9A1E7A4F7556}") = "AWSLambdaJParseUnit.Tests", "AWSLambdaJParseUnit.Tests\AWSLambdaJParseUnit.Tests.csproj", "{F453FEE5-9B9A-4334-BB0E-AF65D0B13D73}"
EndProject
Global
	GlobalSection(SolutionConfigurationPlatforms) = preSolution
		Debug|Any CPU = Debug|Any CPU
		Release|Any CPU = Release|Any CPU
	EndGlobalSection
	GlobalSection(ProjectConfigurationPlatforms) = postSolution
		{96E7F478-022C-45ED-BCF5-876E28BF5108}.Debug|Any CPU.ActiveCfg = Debug|Any CPU
		{96E7F478-022C-45ED-BCF5-876E28BF5108}.Debug|Any CPU.Build.0 = Debug|Any CPU
		{96E7F478-022C-45ED-BCF5-876E28BF5108}.Release|Any CPU.ActiveCfg = Release|Any CPU
		{96E7F478-022C-45ED-BCF5-876E28BF5108}.Release|Any CPU.Build.0 = Release|Any CPU
		{F453FEE5-9B9A-4334-BB0E-AF65D0B13D73}.Debug|Any CPU.ActiveCfg = Debug|Any CPU
		{F453FEE5-9B9A-4334-BB0E-AF65D0B13D73}.Debug|Any CPU.Build.0 = Debug|Any CPU
		{F453FEE5-9B9A-4334-BB0E-AF65D0B13D73}.Release|Any CPU.ActiveCfg = Release|Any CPU
		{F453FEE5-9B9A-4334-BB0E-AF65D0B13D73}.Release|Any CPU.Build.0 = Release|Any CPU
	EndGlobalSection
	GlobalSection(SolutionProperties) = preSolution
		HideSolutionNode = FALSE
	EndGlobalSection
	GlobalSection(ExtensibilityGlobals) = postSolution
		SolutionGuid = {1B08A3BB-2D8D-4BFA-9BF8-604F367AB1E5}
	EndGlobalSection
EndGlobal
